
Microsoft Visual Studio Solution File, Format Version 12.00
# Visual Studio Version 17
VisualStudioVersion = 17.3.32819.101
MinimumVisualStudioVersion = 10.0.40219.1
Project("{FAE04EC0-301F-11D3-BF4B-00C04F79EFBC}") = "Trabajo4", "Trabajo4\Trabajo4.csproj", "{B2FC2646-FFEE-4985-B4AD-85F339D200D5}"
EndProject
Global
	GlobalSection(SolutionConfigurationPlatforms) = preSolution
		Debug|Any CPU = Debug|Any CPU
		Release|Any CPU = Release|Any CPU
	EndGlobalSection
	GlobalSection(ProjectConfigurationPlatforms) = postSolution
		{B2FC2646-FFEE-4985-B4AD-85F339D200D5}.Debug|Any CPU.ActiveCfg = Debug|Any CPU
		{B2FC2646-FFEE-4985-B4AD-85F339D200D5}.Debug|Any CPU.Build.0 = Debug|Any CPU
		{B2FC2646-FFEE-4985-B4AD-85F339D200D5}.Release|Any CPU.ActiveCfg = Release|Any CPU
		{B2FC2646-FFEE-4985-B4AD-85F339D200D5}.Release|Any CPU.Build.0 = Release|Any CPU
	EndGlobalSection
	GlobalSection(SolutionProperties) = preSolution
		HideSolutionNode = FALSE
	EndGlobalSection
	GlobalSection(ExtensibilityGlobals) = postSolution
		SolutionGuid = {EA39B1E9-C98E-4196-8B57-382D50CD3100}
	EndGlobalSection
EndGlobal
